// !$*UTF8*$!
{
	archiveVersion = 1;
	classes = {
	};
	objectVersion = 56;
	objects = {

/* Begin PBXBuildFile section */
		3B9B39DE299E687300163C2C /* KomodApp.swift in Sources */ = {isa = PBXBuildFile; fileRef = 3B9B39DD299E687300163C2C /* KomodApp.swift */; };
		3B9B39E0299E687300163C2C /* ContentView.swift in Sources */ = {isa = PBXBuildFile; fileRef = 3B9B39DF299E687300163C2C /* ContentView.swift */; };
		3B9B39E2299E687800163C2C /* Assets.xcassets in Resources */ = {isa = PBXBuildFile; fileRef = 3B9B39E1299E687800163C2C /* Assets.xcassets */; };
		3B9B39E5299E687800163C2C /* Preview Assets.xcassets in Resources */ = {isa = PBXBuildFile; fileRef = 3B9B39E4299E687800163C2C /* Preview Assets.xcassets */; };
		3B9B39E7299E687800163C2C /* Persistence.swift in Sources */ = {isa = PBXBuildFile; fileRef = 3B9B39E6299E687800163C2C /* Persistence.swift */; };
		3B9B39EA299E687800163C2C /* Komod.xcdatamodeld in Sources */ = {isa = PBXBuildFile; fileRef = 3B9B39E8299E687800163C2C /* Komod.xcdatamodeld */; };
		3B9B39F5299E687900163C2C /* KomodTests.swift in Sources */ = {isa = PBXBuildFile; fileRef = 3B9B39F4299E687900163C2C /* KomodTests.swift */; };
		3B9B39FF299E687900163C2C /* KomodUITests.swift in Sources */ = {isa = PBXBuildFile; fileRef = 3B9B39FE299E687900163C2C /* KomodUITests.swift */; };
		3B9B3A01299E687900163C2C /* KomodUITestsLaunchTests.swift in Sources */ = {isa = PBXBuildFile; fileRef = 3B9B3A00299E687900163C2C /* KomodUITestsLaunchTests.swift */; };
		3B9B3A0E299EC21200163C2C /* SwiftUIView.swift in Sources */ = {isa = PBXBuildFile; fileRef = 3B9B3A0D299EC21200163C2C /* SwiftUIView.swift */; };
/* End PBXBuildFile section */

/* Begin PBXContainerItemProxy section */
		3B9B39F1299E687900163C2C /* PBXContainerItemProxy */ = {
			isa = PBXContainerItemProxy;
			containerPortal = 3B9B39D2299E687300163C2C /* Project object */;
			proxyType = 1;
			remoteGlobalIDString = 3B9B39D9299E687300163C2C;
			remoteInfo = Komod;
		};
		3B9B39FB299E687900163C2C /* PBXContainerItemProxy */ = {
			isa = PBXContainerItemProxy;
			containerPortal = 3B9B39D2299E687300163C2C /* Project object */;
			proxyType = 1;
			remoteGlobalIDString = 3B9B39D9299E687300163C2C;
			remoteInfo = Komod;
		};
/* End PBXContainerItemProxy section */

/* Begin PBXFileReference section */
		3B9B39DA299E687300163C2C /* Komod.app */ = {isa = PBXFileReference; explicitFileType = wrapper.application; includeInIndex = 0; path = Komod.app; sourceTree = BUILT_PRODUCTS_DIR; };
		3B9B39DD299E687300163C2C /* KomodApp.swift */ = {isa = PBXFileReference; lastKnownFileType = sourcecode.swift; path = KomodApp.swift; sourceTree = "<group>"; };
		3B9B39DF299E687300163C2C /* ContentView.swift */ = {isa = PBXFileReference; lastKnownFileType = sourcecode.swift; path = ContentView.swift; sourceTree = "<group>"; };
		3B9B39E1299E687800163C2C /* Assets.xcassets */ = {isa = PBXFileReference; lastKnownFileType = folder.assetcatalog; path = Assets.xcassets; sourceTree = "<group>"; };
		3B9B39E4299E687800163C2C /* Preview Assets.xcassets */ = {isa = PBXFileReference; lastKnownFileType = folder.assetcatalog; path = "Preview Assets.xcassets"; sourceTree = "<group>"; };
		3B9B39E6299E687800163C2C /* Persistence.swift */ = {isa = PBXFileReference; lastKnownFileType = sourcecode.swift; path = Persistence.swift; sourceTree = "<group>"; };
		3B9B39E9299E687800163C2C /* Komod.xcdatamodel */ = {isa = PBXFileReference; lastKnownFileType = wrapper.xcdatamodel; path = Komod.xcdatamodel; sourceTree = "<group>"; };
		3B9B39EB299E687800163C2C /* Info.plist */ = {isa = PBXFileReference; lastKnownFileType = text.plist.xml; path = Info.plist; sourceTree = "<group>"; };
		3B9B39F0299E687900163C2C /* KomodTests.xctest */ = {isa = PBXFileReference; explicitFileType = wrapper.cfbundle; includeInIndex = 0; path = KomodTests.xctest; sourceTree = BUILT_PRODUCTS_DIR; };
		3B9B39F4299E687900163C2C /* KomodTests.swift */ = {isa = PBXFileReference; lastKnownFileType = sourcecode.swift; path = KomodTests.swift; sourceTree = "<group>"; };
		3B9B39FA299E687900163C2C /* KomodUITests.xctest */ = {isa = PBXFileReference; explicitFileType = wrapper.cfbundle; includeInIndex = 0; path = KomodUITests.xctest; sourceTree = BUILT_PRODUCTS_DIR; };
		3B9B39FE299E687900163C2C /* KomodUITests.swift */ = {isa = PBXFileReference; lastKnownFileType = sourcecode.swift; path = KomodUITests.swift; sourceTree = "<group>"; };
		3B9B3A00299E687900163C2C /* KomodUITestsLaunchTests.swift */ = {isa = PBXFileReference; lastKnownFileType = sourcecode.swift; path = KomodUITestsLaunchTests.swift; sourceTree = "<group>"; };
		3B9B3A0D299EC21200163C2C /* SwiftUIView.swift */ = {isa = PBXFileReference; lastKnownFileType = sourcecode.swift; path = SwiftUIView.swift; sourceTree = "<group>"; };
/* End PBXFileReference section */

/* Begin PBXFrameworksBuildPhase section */
		3B9B39D7299E687300163C2C /* Frameworks */ = {
			isa = PBXFrameworksBuildPhase;
			buildActionMask = 2147483647;
			files = (
			);
			runOnlyForDeploymentPostprocessing = 0;
		};
		3B9B39ED299E687900163C2C /* Frameworks */ = {
			isa = PBXFrameworksBuildPhase;
			buildActionMask = 2147483647;
			files = (
			);
			runOnlyForDeploymentPostprocessing = 0;
		};
		3B9B39F7299E687900163C2C /* Frameworks */ = {
			isa = PBXFrameworksBuildPhase;
			buildActionMask = 2147483647;
			files = (
			);
			runOnlyForDeploymentPostprocessing = 0;
		};
/* End PBXFrameworksBuildPhase section */

/* Begin PBXGroup section */
		3B9B39D1299E687300163C2C = {
			isa = PBXGroup;
			children = (
				3B9B39DC299E687300163C2C /* Komod */,
				3B9B39F3299E687900163C2C /* KomodTests */,
				3B9B39FD299E687900163C2C /* KomodUITests */,
				3B9B39DB299E687300163C2C /* Products */,
			);
			sourceTree = "<group>";
		};
		3B9B39DB299E687300163C2C /* Products */ = {
			isa = PBXGroup;
			children = (
				3B9B39DA299E687300163C2C /* Komod.app */,
				3B9B39F0299E687900163C2C /* KomodTests.xctest */,
				3B9B39FA299E687900163C2C /* KomodUITests.xctest */,
			);
			name = Products;
			sourceTree = "<group>";
		};
		3B9B39DC299E687300163C2C /* Komod */ = {
			isa = PBXGroup;
			children = (
				3B9B39DD299E687300163C2C /* KomodApp.swift */,
				3B9B39DF299E687300163C2C /* ContentView.swift */,
				3B9B39E1299E687800163C2C /* Assets.xcassets */,
				3B9B39E6299E687800163C2C /* Persistence.swift */,
				3B9B39EB299E687800163C2C /* Info.plist */,
				3B9B39E8299E687800163C2C /* Komod.xcdatamodeld */,
				3B9B39E3299E687800163C2C /* Preview Content */,
				3B9B3A0D299EC21200163C2C /* SwiftUIView.swift */,
			);
			path = Komod;
			sourceTree = "<group>";
		};
		3B9B39E3299E687800163C2C /* Preview Content */ = {
			isa = PBXGroup;
			children = (
				3B9B39E4299E687800163C2C /* Preview Assets.xcassets */,
			);
			path = "Preview Content";
			sourceTree = "<group>";
		};
		3B9B39F3299E687900163C2C /* KomodTests */ = {
			isa = PBXGroup;
			children = (
				3B9B39F4299E687900163C2C /* KomodTests.swift */,
			);
			path = KomodTests;
			sourceTree = "<group>";
		};
		3B9B39FD299E687900163C2C /* KomodUITests */ = {
			isa = PBXGroup;
			children = (
				3B9B39FE299E687900163C2C /* KomodUITests.swift */,
				3B9B3A00299E687900163C2C /* KomodUITestsLaunchTests.swift */,
			);
			path = KomodUITests;
			sourceTree = "<group>";
		};
/* End PBXGroup section */

/* Begin PBXNativeTarget section */
		3B9B39D9299E687300163C2C /* Komod */ = {
			isa = PBXNativeTarget;
			buildConfigurationList = 3B9B3A04299E687900163C2C /* Build configuration list for PBXNativeTarget "Komod" */;
			buildPhases = (
				3B9B39D6299E687300163C2C /* Sources */,
				3B9B39D7299E687300163C2C /* Frameworks */,
				3B9B39D8299E687300163C2C /* Resources */,
			);
			buildRules = (
			);
			dependencies = (
			);
			name = Komod;
			productName = Komod;
			productReference = 3B9B39DA299E687300163C2C /* Komod.app */;
			productType = "com.apple.product-type.application";
		};
		3B9B39EF299E687900163C2C /* KomodTests */ = {
			isa = PBXNativeTarget;
			buildConfigurationList = 3B9B3A07299E687900163C2C /* Build configuration list for PBXNativeTarget "KomodTests" */;
			buildPhases = (
				3B9B39EC299E687900163C2C /* Sources */,
				3B9B39ED299E687900163C2C /* Frameworks */,
				3B9B39EE299E687900163C2C /* Resources */,
			);
			buildRules = (
			);
			dependencies = (
				3B9B39F2299E687900163C2C /* PBXTargetDependency */,
			);
			name = KomodTests;
			productName = KomodTests;
			productReference = 3B9B39F0299E687900163C2C /* KomodTests.xctest */;
			productType = "com.apple.product-type.bundle.unit-test";
		};
		3B9B39F9299E687900163C2C /* KomodUITests */ = {
			isa = PBXNativeTarget;
			buildConfigurationList = 3B9B3A0A299E687900163C2C /* Build configuration list for PBXNativeTarget "KomodUITests" */;
			buildPhases = (
				3B9B39F6299E687900163C2C /* Sources */,
				3B9B39F7299E687900163C2C /* Frameworks */,
				3B9B39F8299E687900163C2C /* Resources */,
			);
			buildRules = (
			);
			dependencies = (
				3B9B39FC299E687900163C2C /* PBXTargetDependency */,
			);
			name = KomodUITests;
			productName = KomodUITests;
			productReference = 3B9B39FA299E687900163C2C /* KomodUITests.xctest */;
			productType = "com.apple.product-type.bundle.ui-testing";
		};
/* End PBXNativeTarget section */

/* Begin PBXProject section */
		3B9B39D2299E687300163C2C /* Project object */ = {
			isa = PBXProject;
			attributes = {
				BuildIndependentTargetsInParallel = 1;
				LastSwiftUpdateCheck = 1420;
				LastUpgradeCheck = 1420;
				TargetAttributes = {
					3B9B39D9299E687300163C2C = {
						CreatedOnToolsVersion = 14.2;
					};
					3B9B39EF299E687900163C2C = {
						CreatedOnToolsVersion = 14.2;
						TestTargetID = 3B9B39D9299E687300163C2C;
					};
					3B9B39F9299E687900163C2C = {
						CreatedOnToolsVersion = 14.2;
						TestTargetID = 3B9B39D9299E687300163C2C;
					};
				};
			};
			buildConfigurationList = 3B9B39D5299E687300163C2C /* Build configuration list for PBXProject "Komod" */;
			compatibilityVersion = "Xcode 14.0";
			developmentRegion = en;
			hasScannedForEncodings = 0;
			knownRegions = (
				en,
				Base,
			);
			mainGroup = 3B9B39D1299E687300163C2C;
			productRefGroup = 3B9B39DB299E687300163C2C /* Products */;
			projectDirPath = "";
			projectRoot = "";
			targets = (
				3B9B39D9299E687300163C2C /* Komod */,
				3B9B39EF299E687900163C2C /* KomodTests */,
				3B9B39F9299E687900163C2C /* KomodUITests */,
			);
		};
/* End PBXProject section */

/* Begin PBXResourcesBuildPhase section */
		3B9B39D8299E687300163C2C /* Resources */ = {
			isa = PBXResourcesBuildPhase;
			buildActionMask = 2147483647;
			files = (
				3B9B39E5299E687800163C2C /* Preview Assets.xcassets in Resources */,
				3B9B39E2299E687800163C2C /* Assets.xcassets in Resources */,
			);
			runOnlyForDeploymentPostprocessing = 0;
		};
		3B9B39EE299E687900163C2C /* Resources */ = {
			isa = PBXResourcesBuildPhase;
			buildActionMask = 2147483647;
			files = (
			);
			runOnlyForDeploymentPostprocessing = 0;
		};
		3B9B39F8299E687900163C2C /* Resources */ = {
			isa = PBXResourcesBuildPhase;
			buildActionMask = 2147483647;
			files = (
			);
			runOnlyForDeploymentPostprocessing = 0;
		};
/* End PBXResourcesBuildPhase section */

/* Begin PBXSourcesBuildPhase section */
		3B9B39D6299E687300163C2C /* Sources */ = {
			isa = PBXSourcesBuildPhase;
			buildActionMask = 2147483647;
			files = (
				3B9B39EA299E687800163C2C /* Komod.xcdatamodeld in Sources */,
				3B9B39E7299E687800163C2C /* Persistence.swift in Sources */,
				3B9B39E0299E687300163C2C /* ContentView.swift in Sources */,
				3B9B39DE299E687300163C2C /* KomodApp.swift in Sources */,
				3B9B3A0E299EC21200163C2C /* SwiftUIView.swift in Sources */,
			);
			runOnlyForDeploymentPostprocessing = 0;
		};
		3B9B39EC299E687900163C2C /* Sources */ = {
			isa = PBXSourcesBuildPhase;
			buildActionMask = 2147483647;
			files = (
				3B9B39F5299E687900163C2C /* KomodTests.swift in Sources */,
			);
			runOnlyForDeploymentPostprocessing = 0;
		};
		3B9B39F6299E687900163C2C /* Sources */ = {
			isa = PBXSourcesBuildPhase;
			buildActionMask = 2147483647;
			files = (
				3B9B39FF299E687900163C2C /* KomodUITests.swift in Sources */,
				3B9B3A01299E687900163C2C /* KomodUITestsLaunchTests.swift in Sources */,
			);
			runOnlyForDeploymentPostprocessing = 0;
		};
/* End PBXSourcesBuildPhase section */

/* Begin PBXTargetDependency section */
		3B9B39F2299E687900163C2C /* PBXTargetDependency */ = {
			isa = PBXTargetDependency;
			target = 3B9B39D9299E687300163C2C /* Komod */;
			targetProxy = 3B9B39F1299E687900163C2C /* PBXContainerItemProxy */;
		};
		3B9B39FC299E687900163C2C /* PBXTargetDependency */ = {
			isa = PBXTargetDependency;
			target = 3B9B39D9299E687300163C2C /* Komod */;
			targetProxy = 3B9B39FB299E687900163C2C /* PBXContainerItemProxy */;
		};
/* End PBXTargetDependency section */

/* Begin XCBuildConfiguration section */
		3B9B3A02299E687900163C2C /* Debug */ = {
			isa = XCBuildConfiguration;
			buildSettings = {
				ALWAYS_SEARCH_USER_PATHS = NO;
				CLANG_ANALYZER_NONNULL = YES;
				CLANG_ANALYZER_NUMBER_OBJECT_CONVERSION = YES_AGGRESSIVE;
				CLANG_CXX_LANGUAGE_STANDARD = "gnu++20";
				CLANG_ENABLE_MODULES = YES;
				CLANG_ENABLE_OBJC_ARC = YES;
				CLANG_ENABLE_OBJC_WEAK = YES;
				CLANG_WARN_BLOCK_CAPTURE_AUTORELEASING = YES;
				CLANG_WARN_BOOL_CONVERSION = YES;
				CLANG_WARN_COMMA = YES;
				CLANG_WARN_CONSTANT_CONVERSION = YES;
				CLANG_WARN_DEPRECATED_OBJC_IMPLEMENTATIONS = YES;
				CLANG_WARN_DIRECT_OBJC_ISA_USAGE = YES_ERROR;
				CLANG_WARN_DOCUMENTATION_COMMENTS = YES;
				CLANG_WARN_EMPTY_BODY = YES;
				CLANG_WARN_ENUM_CONVERSION = YES;
				CLANG_WARN_INFINITE_RECURSION = YES;
				CLANG_WARN_INT_CONVERSION = YES;
				CLANG_WARN_NON_LITERAL_NULL_CONVERSION = YES;
				CLANG_WARN_OBJC_IMPLICIT_RETAIN_SELF = YES;
				CLANG_WARN_OBJC_LITERAL_CONVERSION = YES;
				CLANG_WARN_OBJC_ROOT_CLASS = YES_ERROR;
				CLANG_WARN_QUOTED_INCLUDE_IN_FRAMEWORK_HEADER = YES;
				CLANG_WARN_RANGE_LOOP_ANALYSIS = YES;
				CLANG_WARN_STRICT_PROTOTYPES = YES;
				CLANG_WARN_SUSPICIOUS_MOVE = YES;
				CLANG_WARN_UNGUARDED_AVAILABILITY = YES_AGGRESSIVE;
				CLANG_WARN_UNREACHABLE_CODE = YES;
				CLANG_WARN__DUPLICATE_METHOD_MATCH = YES;
				COPY_PHASE_STRIP = NO;
				DEBUG_INFORMATION_FORMAT = dwarf;
				ENABLE_STRICT_OBJC_MSGSEND = YES;
				ENABLE_TESTABILITY = YES;
				GCC_C_LANGUAGE_STANDARD = gnu11;
				GCC_DYNAMIC_NO_PIC = NO;
				GCC_NO_COMMON_BLOCKS = YES;
				GCC_OPTIMIZATION_LEVEL = 0;
				GCC_PREPROCESSOR_DEFINITIONS = (
					"DEBUG=1",
					"$(inherited)",
				);
				GCC_WARN_64_TO_32_BIT_CONVERSION = YES;
				GCC_WARN_ABOUT_RETURN_TYPE = YES_ERROR;
				GCC_WARN_UNDECLARED_SELECTOR = YES;
				GCC_WARN_UNINITIALIZED_AUTOS = YES_AGGRESSIVE;
				GCC_WARN_UNUSED_FUNCTION = YES;
				GCC_WARN_UNUSED_VARIABLE = YES;
				IPHONEOS_DEPLOYMENT_TARGET = 16.2;
				MTL_ENABLE_DEBUG_INFO = INCLUDE_SOURCE;
				MTL_FAST_MATH = YES;
				ONLY_ACTIVE_ARCH = YES;
				SDKROOT = iphoneos;
				SWIFT_ACTIVE_COMPILATION_CONDITIONS = DEBUG;
				SWIFT_OPTIMIZATION_LEVEL = "-Onone";
			};
			name = Debug;
		};
		3B9B3A03299E687900163C2C /* Release */ = {
			isa = XCBuildConfiguration;
			buildSettings = {
				ALWAYS_SEARCH_USER_PATHS = NO;
				CLANG_ANALYZER_NONNULL = YES;
				CLANG_ANALYZER_NUMBER_OBJECT_CONVERSION = YES_AGGRESSIVE;
				CLANG_CXX_LANGUAGE_STANDARD = "gnu++20";
				CLANG_ENABLE_MODULES = YES;
				CLANG_ENABLE_OBJC_ARC = YES;
				CLANG_ENABLE_OBJC_WEAK = YES;
				CLANG_WARN_BLOCK_CAPTURE_AUTORELEASING = YES;
				CLANG_WARN_BOOL_CONVERSION = YES;
				CLANG_WARN_COMMA = YES;
				CLANG_WARN_CONSTANT_CONVERSION = YES;
				CLANG_WARN_DEPRECATED_OBJC_IMPLEMENTATIONS = YES;
				CLANG_WARN_DIRECT_OBJC_ISA_USAGE = YES_ERROR;
				CLANG_WARN_DOCUMENTATION_COMMENTS = YES;
				CLANG_WARN_EMPTY_BODY = YES;
				CLANG_WARN_ENUM_CONVERSION = YES;
				CLANG_WARN_INFINITE_RECURSION = YES;
				CLANG_WARN_INT_CONVERSION = YES;
				CLANG_WARN_NON_LITERAL_NULL_CONVERSION = YES;
				CLANG_WARN_OBJC_IMPLICIT_RETAIN_SELF = YES;
				CLANG_WARN_OBJC_LITERAL_CONVERSION = YES;
				CLANG_WARN_OBJC_ROOT_CLASS = YES_ERROR;
				CLANG_WARN_QUOTED_INCLUDE_IN_FRAMEWORK_HEADER = YES;
				CLANG_WARN_RANGE_LOOP_ANALYSIS = YES;
				CLANG_WARN_STRICT_PROTOTYPES = YES;
				CLANG_WARN_SUSPICIOUS_MOVE = YES;
				CLANG_WARN_UNGUARDED_AVAILABILITY = YES_AGGRESSIVE;
				CLANG_WARN_UNREACHABLE_CODE = YES;
				CLANG_WARN__DUPLICATE_METHOD_MATCH = YES;
				COPY_PHASE_STRIP = NO;
				DEBUG_INFORMATION_FORMAT = "dwarf-with-dsym";
				ENABLE_NS_ASSERTIONS = NO;
				ENABLE_STRICT_OBJC_MSGSEND = YES;
				GCC_C_LANGUAGE_STANDARD = gnu11;
				GCC_NO_COMMON_BLOCKS = YES;
				GCC_WARN_64_TO_32_BIT_CONVERSION = YES;
				GCC_WARN_ABOUT_RETURN_TYPE = YES_ERROR;
				GCC_WARN_UNDECLARED_SELECTOR = YES;
				GCC_WARN_UNINITIALIZED_AUTOS = YES_AGGRESSIVE;
				GCC_WARN_UNUSED_FUNCTION = YES;
				GCC_WARN_UNUSED_VARIABLE = YES;
				IPHONEOS_DEPLOYMENT_TARGET = 16.2;
				MTL_ENABLE_DEBUG_INFO = NO;
				MTL_FAST_MATH = YES;
				SDKROOT = iphoneos;
				SWIFT_COMPILATION_MODE = wholemodule;
				SWIFT_OPTIMIZATION_LEVEL = "-O";
				VALIDATE_PRODUCT = YES;
			};
			name = Release;
		};
		3B9B3A05299E687900163C2C /* Debug */ = {
			isa = XCBuildConfiguration;
			buildSettings = {
				ASSETCATALOG_COMPILER_APPICON_NAME = AppIcon;
				ASSETCATALOG_COMPILER_GLOBAL_ACCENT_COLOR_NAME = AccentColor;
				CODE_SIGN_STYLE = Automatic;
				CURRENT_PROJECT_VERSION = 1;
				DEVELOPMENT_ASSET_PATHS = "\"Komod/Preview Content\"";
				DEVELOPMENT_TEAM = MD823GX4CU;
				ENABLE_PREVIEWS = YES;
				GENERATE_INFOPLIST_FILE = YES;
				INFOPLIST_KEY_UIApplicationSceneManifest_Generation = YES;
				INFOPLIST_KEY_UIApplicationSupportsIndirectInputEvents = YES;
				INFOPLIST_KEY_UILaunchScreen_Generation = YES;
				INFOPLIST_KEY_UISupportedInterfaceOrientations_iPad = "UIInterfaceOrientationPortrait UIInterfaceOrientationPortraitUpsideDown UIInterfaceOrientationLandscapeLeft UIInterfaceOrientationLandscapeRight";
				INFOPLIST_KEY_UISupportedInterfaceOrientations_iPhone = "UIInterfaceOrientationPortrait UIInterfaceOrientationLandscapeLeft UIInterfaceOrientationLandscapeRight";
				LD_RUNPATH_SEARCH_PATHS = (
					"$(inherited)",
					"@executable_path/Frameworks",
				);
				MARKETING_VERSION = 1.0;
				PRODUCT_BUNDLE_IDENTIFIER = "coffee-girls.Komod";
				PRODUCT_NAME = "$(TARGET_NAME)";
				SWIFT_EMIT_LOC_STRINGS = YES;
				SWIFT_VERSION = 5.0;
				TARGETED_DEVICE_FAMILY = "1,2";
			};
			name = Debug;
		};
		3B9B3A06299E687900163C2C /* Release */ = {
			isa = XCBuildConfiguration;
			buildSettings = {
				ASSETCATALOG_COMPILER_APPICON_NAME = AppIcon;
				ASSETCATALOG_COMPILER_GLOBAL_ACCENT_COLOR_NAME = AccentColor;
				CODE_SIGN_STYLE = Automatic;
				CURRENT_PROJECT_VERSION = 1;
				DEVELOPMENT_ASSET_PATHS = "\"Komod/Preview Content\"";
				DEVELOPMENT_TEAM = MD823GX4CU;
				ENABLE_PREVIEWS = YES;
				GENERATE_INFOPLIST_FILE = YES;
				INFOPLIST_KEY_UIApplicationSceneManifest_Generation = YES;
				INFOPLIST_KEY_UIApplicationSupportsIndirectInputEvents = YES;
				INFOPLIST_KEY_UILaunchScreen_Generation = YES;
				INFOPLIST_KEY_UISupportedInterfaceOrientations_iPad = "UIInterfaceOrientationPortrait UIInterfaceOrientationPortraitUpsideDown UIInterfaceOrientationLandscapeLeft UIInterfaceOrientationLandscapeRight";
				INFOPLIST_KEY_UISupportedInterfaceOrientations_iPhone = "UIInterfaceOrientationPortrait UIInterfaceOrientationLandscapeLeft UIInterfaceOrientationLandscapeRight";
				LD_RUNPATH_SEARCH_PATHS = (
					"$(inherited)",
					"@executable_path/Frameworks",
				);
				MARKETING_VERSION = 1.0;
				PRODUCT_BUNDLE_IDENTIFIER = "coffee-girls.Komod";
				PRODUCT_NAME = "$(TARGET_NAME)";
				SWIFT_EMIT_LOC_STRINGS = YES;
				SWIFT_VERSION = 5.0;
				TARGETED_DEVICE_FAMILY = "1,2";
			};
			name = Release;
		};
		3B9B3A08299E687900163C2C /* Debug */ = {
			isa = XCBuildConfiguration;
			buildSettings = {
				ALWAYS_EMBED_SWIFT_STANDARD_LIBRARIES = YES;
				BUNDLE_LOADER = "$(TEST_HOST)";
				CODE_SIGN_STYLE = Automatic;
				CURRENT_PROJECT_VERSION = 1;
				DEVELOPMENT_TEAM = MD823GX4CU;
				GENERATE_INFOPLIST_FILE = YES;
				IPHONEOS_DEPLOYMENT_TARGET = 16.2;
				MARKETING_VERSION = 1.0;
				PRODUCT_BUNDLE_IDENTIFIER = "coffee-girls.KomodTests";
				PRODUCT_NAME = "$(TARGET_NAME)";
				SWIFT_EMIT_LOC_STRINGS = NO;
				SWIFT_VERSION = 5.0;
				TARGETED_DEVICE_FAMILY = "1,2";
				TEST_HOST = "$(BUILT_PRODUCTS_DIR)/Komod.app/$(BUNDLE_EXECUTABLE_FOLDER_PATH)/Komod";
			};
			name = Debug;
		};
		3B9B3A09299E687900163C2C /* Release */ = {
			isa = XCBuildConfiguration;
			buildSettings = {
				ALWAYS_EMBED_SWIFT_STANDARD_LIBRARIES = YES;
				BUNDLE_LOADER = "$(TEST_HOST)";
				CODE_SIGN_STYLE = Automatic;
				CURRENT_PROJECT_VERSION = 1;
				DEVELOPMENT_TEAM = MD823GX4CU;
				GENERATE_INFOPLIST_FILE = YES;
				IPHONEOS_DEPLOYMENT_TARGET = 16.2;
				MARKETING_VERSION = 1.0;
				PRODUCT_BUNDLE_IDENTIFIER = "coffee-girls.KomodTests";
				PRODUCT_NAME = "$(TARGET_NAME)";
				SWIFT_EMIT_LOC_STRINGS = NO;
				SWIFT_VERSION = 5.0;
				TARGETED_DEVICE_FAMILY = "1,2";
				TEST_HOST = "$(BUILT_PRODUCTS_DIR)/Komod.app/$(BUNDLE_EXECUTABLE_FOLDER_PATH)/Komod";
			};
			name = Release;
		};
		3B9B3A0B299E687900163C2C /* Debug */ = {
			isa = XCBuildConfiguration;
			buildSettings = {
				ALWAYS_EMBED_SWIFT_STANDARD_LIBRARIES = YES;
				CODE_SIGN_STYLE = Automatic;
				CURRENT_PROJECT_VERSION = 1;
				DEVELOPMENT_TEAM = MD823GX4CU;
				GENERATE_INFOPLIST_FILE = YES;
				MARKETING_VERSION = 1.0;
				PRODUCT_BUNDLE_IDENTIFIER = "coffee-girls.KomodUITests";
				PRODUCT_NAME = "$(TARGET_NAME)";
				SWIFT_EMIT_LOC_STRINGS = NO;
				SWIFT_VERSION = 5.0;
				TARGETED_DEVICE_FAMILY = "1,2";
				TEST_TARGET_NAME = Komod;
			};
			name = Debug;
		};
		3B9B3A0C299E687900163C2C /* Release */ = {
			isa = XCBuildConfiguration;
			buildSettings = {
				ALWAYS_EMBED_SWIFT_STANDARD_LIBRARIES = YES;
				CODE_SIGN_STYLE = Automatic;
				CURRENT_PROJECT_VERSION = 1;
				DEVELOPMENT_TEAM = MD823GX4CU;
				GENERATE_INFOPLIST_FILE = YES;
				MARKETING_VERSION = 1.0;
				PRODUCT_BUNDLE_IDENTIFIER = "coffee-girls.KomodUITests";
				PRODUCT_NAME = "$(TARGET_NAME)";
				SWIFT_EMIT_LOC_STRINGS = NO;
				SWIFT_VERSION = 5.0;
				TARGETED_DEVICE_FAMILY = "1,2";
				TEST_TARGET_NAME = Komod;
			};
			name = Release;
		};
/* End XCBuildConfiguration section */

/* Begin XCConfigurationList section */
		3B9B39D5299E687300163C2C /* Build configuration list for PBXProject "Komod" */ = {
			isa = XCConfigurationList;
			buildConfigurations = (
				3B9B3A02299E687900163C2C /* Debug */,
				3B9B3A03299E687900163C2C /* Release */,
			);
			defaultConfigurationIsVisible = 0;
			defaultConfigurationName = Release;
		};
		3B9B3A04299E687900163C2C /* Build configuration list for PBXNativeTarget "Komod" */ = {
			isa = XCConfigurationList;
			buildConfigurations = (
				3B9B3A05299E687900163C2C /* Debug */,
				3B9B3A06299E687900163C2C /* Release */,
			);
			defaultConfigurationIsVisible = 0;
			defaultConfigurationName = Release;
		};
		3B9B3A07299E687900163C2C /* Build configuration list for PBXNativeTarget "KomodTests" */ = {
			isa = XCConfigurationList;
			buildConfigurations = (
				3B9B3A08299E687900163C2C /* Debug */,
				3B9B3A09299E687900163C2C /* Release */,
			);
			defaultConfigurationIsVisible = 0;
			defaultConfigurationName = Release;
		};
		3B9B3A0A299E687900163C2C /* Build configuration list for PBXNativeTarget "KomodUITests" */ = {
			isa = XCConfigurationList;
			buildConfigurations = (
				3B9B3A0B299E687900163C2C /* Debug */,
				3B9B3A0C299E687900163C2C /* Release */,
			);
			defaultConfigurationIsVisible = 0;
			defaultConfigurationName = Release;
		};
/* End XCConfigurationList section */

/* Begin XCVersionGroup section */
		3B9B39E8299E687800163C2C /* Komod.xcdatamodeld */ = {
			isa = XCVersionGroup;
			children = (
				3B9B39E9299E687800163C2C /* Komod.xcdatamodel */,
			);
			currentVersion = 3B9B39E9299E687800163C2C /* Komod.xcdatamodel */;
			path = Komod.xcdatamodeld;
			sourceTree = "<group>";
			versionGroupType = wrapper.xcdatamodel;
		};
/* End XCVersionGroup section */
	};
	rootObject = 3B9B39D2299E687300163C2C /* Project object */;
}
